
Microsoft Visual Studio Solution File, Format Version 12.00
# Visual Studio Version 17
VisualStudioVersion = 17.6.33829.357
MinimumVisualStudioVersion = 10.0.40219.1
Project("{FAE04EC0-301F-11D3-BF4B-00C04F79EFBC}") = "lab_sheet_2", "lab_sheet_2.csproj", "{D6B61FEA-106E-48D0-8F62-4AC2F70A1648}"
EndProject
Global
	GlobalSection(SolutionConfigurationPlatforms) = preSolution
		Debug|Any CPU = Debug|Any CPU
		Release|Any CPU = Release|Any CPU
	EndGlobalSection
	GlobalSection(ProjectConfigurationPlatforms) = postSolution
		{D6B61FEA-106E-48D0-8F62-4AC2F70A1648}.Debug|Any CPU.ActiveCfg = Debug|Any CPU
		{D6B61FEA-106E-48D0-8F62-4AC2F70A1648}.Debug|Any CPU.Build.0 = Debug|Any CPU
		{D6B61FEA-106E-48D0-8F62-4AC2F70A1648}.Release|Any CPU.ActiveCfg = Release|Any CPU
		{D6B61FEA-106E-48D0-8F62-4AC2F70A1648}.Release|Any CPU.Build.0 = Release|Any CPU
	EndGlobalSection
	GlobalSection(SolutionProperties) = preSolution
		HideSolutionNode = FALSE
	EndGlobalSection
	GlobalSection(ExtensibilityGlobals) = postSolution
		SolutionGuid = {E3492D8A-1B10-482A-A3B7-5E66F7263A51}
	EndGlobalSection
EndGlobal
