
Microsoft Visual Studio Solution File, Format Version 12.00
# Visual Studio Version 17
VisualStudioVersion = 17.6.33829.357
MinimumVisualStudioVersion = 10.0.40219.1
Project("{FAE04EC0-301F-11D3-BF4B-00C04F79EFBC}") = "labsheet", "labsheet.csproj", "{3442B67C-9AD1-42F1-A7F1-C74EB5755CBA}"
EndProject
Global
	GlobalSection(SolutionConfigurationPlatforms) = preSolution
		Debug|Any CPU = Debug|Any CPU
		Release|Any CPU = Release|Any CPU
	EndGlobalSection
	GlobalSection(ProjectConfigurationPlatforms) = postSolution
		{3442B67C-9AD1-42F1-A7F1-C74EB5755CBA}.Debug|Any CPU.ActiveCfg = Debug|Any CPU
		{3442B67C-9AD1-42F1-A7F1-C74EB5755CBA}.Debug|Any CPU.Build.0 = Debug|Any CPU
		{3442B67C-9AD1-42F1-A7F1-C74EB5755CBA}.Release|Any CPU.ActiveCfg = Release|Any CPU
		{3442B67C-9AD1-42F1-A7F1-C74EB5755CBA}.Release|Any CPU.Build.0 = Release|Any CPU
	EndGlobalSection
	GlobalSection(SolutionProperties) = preSolution
		HideSolutionNode = FALSE
	EndGlobalSection
	GlobalSection(ExtensibilityGlobals) = postSolution
		SolutionGuid = {ABB205A3-F6AD-45C1-BFBD-50E34920EC56}
	EndGlobalSection
EndGlobal
